// !$*UTF8*$!
{
	archiveVersion = 1;
	classes = {
	};
	objectVersion = 46;
	objects = {

/* Begin PBXBuildFile section */
		EA62FD561989F6AC00469896 /* AppDelegate.swift in Sources */ = {isa = PBXBuildFile; fileRef = EA62FD551989F6AC00469896 /* AppDelegate.swift */; };
		EA62FD581989F6AC00469896 /* Images.xcassets in Resources */ = {isa = PBXBuildFile; fileRef = EA62FD571989F6AC00469896 /* Images.xcassets */; };
		EA62FD6F1989F6E300469896 /* Storyboard.storyboard in Resources */ = {isa = PBXBuildFile; fileRef = EA62FD6E1989F6E300469896 /* Storyboard.storyboard */; };
		EAA118A5198A1BF000F443F1 /* HomeVC.swift in Sources */ = {isa = PBXBuildFile; fileRef = EAA118A4198A1BF000F443F1 /* HomeVC.swift */; };
		EAA118A7198A23CB00F443F1 /* LoginVC.swift in Sources */ = {isa = PBXBuildFile; fileRef = EAA118A6198A23CB00F443F1 /* LoginVC.swift */; };
		EAA118A9198AAC7100F443F1 /* SignupVC.swift in Sources */ = {isa = PBXBuildFile; fileRef = EAA118A8198AAC7100F443F1 /* SignupVC.swift */; };
/* End PBXBuildFile section */

/* Begin PBXFileReference section */
		EA62FD501989F6AC00469896 /* SwiftLoginScreen.app */ = {isa = PBXFileReference; explicitFileType = wrapper.application; includeInIndex = 0; path = SwiftLoginScreen.app; sourceTree = BUILT_PRODUCTS_DIR; };
		EA62FD541989F6AC00469896 /* Info.plist */ = {isa = PBXFileReference; lastKnownFileType = text.plist.xml; path = Info.plist; sourceTree = "<group>"; };
		EA62FD551989F6AC00469896 /* AppDelegate.swift */ = {isa = PBXFileReference; lastKnownFileType = sourcecode.swift; path = AppDelegate.swift; sourceTree = "<group>"; };
		EA62FD571989F6AC00469896 /* Images.xcassets */ = {isa = PBXFileReference; lastKnownFileType = folder.assetcatalog; path = Images.xcassets; sourceTree = "<group>"; };
		EA62FD621989F6AC00469896 /* Info.plist */ = {isa = PBXFileReference; lastKnownFileType = text.plist.xml; path = Info.plist; sourceTree = "<group>"; };
		EA62FD631989F6AC00469896 /* SwiftLoginScreenTests.swift */ = {isa = PBXFileReference; lastKnownFileType = sourcecode.swift; path = SwiftLoginScreenTests.swift; sourceTree = "<group>"; };
		EA62FD6E1989F6E300469896 /* Storyboard.storyboard */ = {isa = PBXFileReference; fileEncoding = 4; lastKnownFileType = file.storyboard; path = Storyboard.storyboard; sourceTree = "<group>"; };
		EAA118A4198A1BF000F443F1 /* HomeVC.swift */ = {isa = PBXFileReference; fileEncoding = 4; lastKnownFileType = sourcecode.swift; path = HomeVC.swift; sourceTree = "<group>"; };
		EAA118A6198A23CB00F443F1 /* LoginVC.swift */ = {isa = PBXFileReference; fileEncoding = 4; lastKnownFileType = sourcecode.swift; path = LoginVC.swift; sourceTree = "<group>"; };
		EAA118A8198AAC7100F443F1 /* SignupVC.swift */ = {isa = PBXFileReference; fileEncoding = 4; lastKnownFileType = sourcecode.swift; path = SignupVC.swift; sourceTree = "<group>"; };
/* End PBXFileReference section */

/* Begin PBXFrameworksBuildPhase section */
		EA62FD4D1989F6AC00469896 /* Frameworks */ = {
			isa = PBXFrameworksBuildPhase;
			buildActionMask = 2147483647;
			files = (
			);
			runOnlyForDeploymentPostprocessing = 0;
		};
/* End PBXFrameworksBuildPhase section */

/* Begin PBXGroup section */
		EA62FD471989F6AC00469896 = {
			isa = PBXGroup;
			children = (
				EA62FD521989F6AC00469896 /* SwiftLoginScreen */,
				EA62FD601989F6AC00469896 /* SwiftLoginScreenTests */,
				EA62FD511989F6AC00469896 /* Products */,
			);
			sourceTree = "<group>";
		};
		EA62FD511989F6AC00469896 /* Products */ = {
			isa = PBXGroup;
			children = (
				EA62FD501989F6AC00469896 /* SwiftLoginScreen.app */,
			);
			name = Products;
			sourceTree = "<group>";
		};
		EA62FD521989F6AC00469896 /* SwiftLoginScreen */ = {
			isa = PBXGroup;
			children = (
				EA62FD551989F6AC00469896 /* AppDelegate.swift */,
				EA62FD571989F6AC00469896 /* Images.xcassets */,
				EA62FD531989F6AC00469896 /* Supporting Files */,
				EA62FD6E1989F6E300469896 /* Storyboard.storyboard */,
				EAA118A4198A1BF000F443F1 /* HomeVC.swift */,
				EAA118A6198A23CB00F443F1 /* LoginVC.swift */,
				EAA118A8198AAC7100F443F1 /* SignupVC.swift */,
			);
			path = SwiftLoginScreen;
			sourceTree = "<group>";
		};
		EA62FD531989F6AC00469896 /* Supporting Files */ = {
			isa = PBXGroup;
			children = (
				EA62FD541989F6AC00469896 /* Info.plist */,
			);
			name = "Supporting Files";
			sourceTree = "<group>";
		};
		EA62FD601989F6AC00469896 /* SwiftLoginScreenTests */ = {
			isa = PBXGroup;
			children = (
				EA62FD631989F6AC00469896 /* SwiftLoginScreenTests.swift */,
				EA62FD611989F6AC00469896 /* Supporting Files */,
			);
			path = SwiftLoginScreenTests;
			sourceTree = "<group>";
		};
		EA62FD611989F6AC00469896 /* Supporting Files */ = {
			isa = PBXGroup;
			children = (
				EA62FD621989F6AC00469896 /* Info.plist */,
			);
			name = "Supporting Files";
			sourceTree = "<group>";
		};
/* End PBXGroup section */

/* Begin PBXNativeTarget section */
		EA62FD4F1989F6AC00469896 /* SwiftLoginScreen */ = {
			isa = PBXNativeTarget;
			buildConfigurationList = EA62FD671989F6AC00469896 /* Build configuration list for PBXNativeTarget "SwiftLoginScreen" */;
			buildPhases = (
				EA62FD4C1989F6AC00469896 /* Sources */,
				EA62FD4D1989F6AC00469896 /* Frameworks */,
				EA62FD4E1989F6AC00469896 /* Resources */,
			);
			buildRules = (
			);
			dependencies = (
			);
			name = SwiftLoginScreen;
			productName = SwiftLoginScreen;
			productReference = EA62FD501989F6AC00469896 /* SwiftLoginScreen.app */;
			productType = "com.apple.product-type.application";
		};
/* End PBXNativeTarget section */

/* Begin PBXProject section */
		EA62FD481989F6AC00469896 /* Project object */ = {
			isa = PBXProject;
			attributes = {
				LastSwiftMigration = 0700;
				LastSwiftUpdateCheck = 0700;
				LastUpgradeCheck = 0700;
				ORGANIZATIONNAME = "Dipin Krishna";
				TargetAttributes = {
					EA62FD4F1989F6AC00469896 = {
						CreatedOnToolsVersion = 6.0;
					};
				};
			};
			buildConfigurationList = EA62FD4B1989F6AC00469896 /* Build configuration list for PBXProject "SwiftLoginScreen" */;
			compatibilityVersion = "Xcode 3.2";
			developmentRegion = English;
			hasScannedForEncodings = 0;
			knownRegions = (
				en,
			);
			mainGroup = EA62FD471989F6AC00469896;
			productRefGroup = EA62FD511989F6AC00469896 /* Products */;
			projectDirPath = "";
			projectRoot = "";
			targets = (
				EA62FD4F1989F6AC00469896 /* SwiftLoginScreen */,
			);
		};
/* End PBXProject section */

/* Begin PBXResourcesBuildPhase section */
		EA62FD4E1989F6AC00469896 /* Resources */ = {
			isa = PBXResourcesBuildPhase;
			buildActionMask = 2147483647;
			files = (
				EA62FD581989F6AC00469896 /* Images.xcassets in Resources */,
				EA62FD6F1989F6E300469896 /* Storyboard.storyboard in Resources */,
			);
			runOnlyForDeploymentPostprocessing = 0;
		};
/* End PBXResourcesBuildPhase section */

/* Begin PBXSourcesBuildPhase section */
		EA62FD4C1989F6AC00469896 /* Sources */ = {
			isa = PBXSourcesBuildPhase;
			buildActionMask = 2147483647;
			files = (
				EAA118A9198AAC7100F443F1 /* SignupVC.swift in Sources */,
				EA62FD561989F6AC00469896 /* AppDelegate.swift in Sources */,
				EAA118A5198A1BF000F443F1 /* HomeVC.swift in Sources */,
				EAA118A7198A23CB00F443F1 /* LoginVC.swift in Sources */,
			);
			runOnlyForDeploymentPostprocessing = 0;
		};
/* End PBXSourcesBuildPhase section */

/* Begin XCBuildConfiguration section */
		EA62FD651989F6AC00469896 /* Debug */ = {
			isa = XCBuildConfiguration;
			buildSettings = {
				ALWAYS_SEARCH_USER_PATHS = NO;
				CLANG_CXX_LANGUAGE_STANDARD = "gnu++0x";
				CLANG_CXX_LIBRARY = "libc++";
				CLANG_ENABLE_MODULES = YES;
				CLANG_ENABLE_OBJC_ARC = YES;
				CLANG_WARN_BOOL_CONVERSION = YES;
				CLANG_WARN_CONSTANT_CONVERSION = YES;
				CLANG_WARN_DIRECT_OBJC_ISA_USAGE = YES_ERROR;
				CLANG_WARN_EMPTY_BODY = YES;
				CLANG_WARN_ENUM_CONVERSION = YES;
				CLANG_WARN_INT_CONVERSION = YES;
				CLANG_WARN_OBJC_ROOT_CLASS = YES_ERROR;
				CLANG_WARN_UNREACHABLE_CODE = YES;
				CLANG_WARN__DUPLICATE_METHOD_MATCH = YES;
				"CODE_SIGN_IDENTITY[sdk=iphoneos*]" = "iPhone Developer";
				COPY_PHASE_STRIP = NO;
				ENABLE_STRICT_OBJC_MSGSEND = YES;
				ENABLE_TESTABILITY = YES;
				GCC_C_LANGUAGE_STANDARD = gnu99;
				GCC_DYNAMIC_NO_PIC = NO;
				GCC_OPTIMIZATION_LEVEL = 0;
				GCC_PREPROCESSOR_DEFINITIONS = (
					"DEBUG=1",
					"$(inherited)",
				);
				GCC_SYMBOLS_PRIVATE_EXTERN = NO;
				GCC_WARN_64_TO_32_BIT_CONVERSION = YES;
				GCC_WARN_ABOUT_RETURN_TYPE = YES_ERROR;
				GCC_WARN_UNDECLARED_SELECTOR = YES;
				GCC_WARN_UNINITIALIZED_AUTOS = YES_AGGRESSIVE;
				GCC_WARN_UNUSED_FUNCTION = YES;
				GCC_WARN_UNUSED_VARIABLE = YES;
				IPHONEOS_DEPLOYMENT_TARGET = 8.0;
				METAL_ENABLE_DEBUG_INFO = YES;
				ONLY_ACTIVE_ARCH = YES;
				SDKROOT = iphoneos;
				SWIFT_OPTIMIZATION_LEVEL = "-Onone";
			};
			name = Debug;
		};
		EA62FD661989F6AC00469896 /* Release */ = {
			isa = XCBuildConfiguration;
			buildSettings = {
				ALWAYS_SEARCH_USER_PATHS = NO;
				CLANG_CXX_LANGUAGE_STANDARD = "gnu++0x";
				CLANG_CXX_LIBRARY = "libc++";
				CLANG_ENABLE_MODULES = YES;
				CLANG_ENABLE_OBJC_ARC = YES;
				CLANG_WARN_BOOL_CONVERSION = YES;
				CLANG_WARN_CONSTANT_CONVERSION = YES;
				CLANG_WARN_DIRECT_OBJC_ISA_USAGE = YES_ERROR;
				CLANG_WARN_EMPTY_BODY = YES;
				CLANG_WARN_ENUM_CONVERSION = YES;
				CLANG_WARN_INT_CONVERSION = YES;
				CLANG_WARN_OBJC_ROOT_CLASS = YES_ERROR;
				CLANG_WARN_UNREACHABLE_CODE = YES;
				CLANG_WARN__DUPLICATE_METHOD_MATCH = YES;
				"CODE_SIGN_IDENTITY[sdk=iphoneos*]" = "iPhone Developer";
				COPY_PHASE_STRIP = YES;
				ENABLE_NS_ASSERTIONS = NO;
				ENABLE_STRICT_OBJC_MSGSEND = YES;
				GCC_C_LANGUAGE_STANDARD = gnu99;
				GCC_WARN_64_TO_32_BIT_CONVERSION = YES;
				GCC_WARN_ABOUT_RETURN_TYPE = YES_ERROR;
				GCC_WARN_UNDECLARED_SELECTOR = YES;
				GCC_WARN_UNINITIALIZED_AUTOS = YES_AGGRESSIVE;
				GCC_WARN_UNUSED_FUNCTION = YES;
				GCC_WARN_UNUSED_VARIABLE = YES;
				IPHONEOS_DEPLOYMENT_TARGET = 8.0;
				METAL_ENABLE_DEBUG_INFO = NO;
				SDKROOT = iphoneos;
				VALIDATE_PRODUCT = YES;
			};
			name = Release;
		};
		EA62FD681989F6AC00469896 /* Debug */ = {
			isa = XCBuildConfiguration;
			buildSettings = {
				ASSETCATALOG_COMPILER_APPICON_NAME = AppIcon;
				ASSETCATALOG_COMPILER_LAUNCHIMAGE_NAME = LaunchImage;
				INFOPLIST_FILE = SwiftLoginScreen/Info.plist;
				LD_RUNPATH_SEARCH_PATHS = "$(inherited) @executable_path/Frameworks";
				PRODUCT_BUNDLE_IDENTIFIER = "com.dipinkrishna.${PRODUCT_NAME:rfc1034identifier}";
				PRODUCT_NAME = "$(TARGET_NAME)";
			};
			name = Debug;
		};
		EA62FD691989F6AC00469896 /* Release */ = {
			isa = XCBuildConfiguration;
			buildSettings = {
				ASSETCATALOG_COMPILER_APPICON_NAME = AppIcon;
				ASSETCATALOG_COMPILER_LAUNCHIMAGE_NAME = LaunchImage;
				INFOPLIST_FILE = SwiftLoginScreen/Info.plist;
				LD_RUNPATH_SEARCH_PATHS = "$(inherited) @executable_path/Frameworks";
				PRODUCT_BUNDLE_IDENTIFIER = "com.dipinkrishna.${PRODUCT_NAME:rfc1034identifier}";
				PRODUCT_NAME = "$(TARGET_NAME)";
			};
			name = Release;
		};
/* End XCBuildConfiguration section */

/* Begin XCConfigurationList section */
		EA62FD4B1989F6AC00469896 /* Build configuration list for PBXProject "SwiftLoginScreen" */ = {
			isa = XCConfigurationList;
			buildConfigurations = (
				EA62FD651989F6AC00469896 /* Debug */,
				EA62FD661989F6AC00469896 /* Release */,
			);
			defaultConfigurationIsVisible = 0;
			defaultConfigurationName = Release;
		};
		EA62FD671989F6AC00469896 /* Build configuration list for PBXNativeTarget "SwiftLoginScreen" */ = {
			isa = XCConfigurationList;
			buildConfigurations = (
				EA62FD681989F6AC00469896 /* Debug */,
				EA62FD691989F6AC00469896 /* Release */,
			);
			defaultConfigurationIsVisible = 0;
			defaultConfigurationName = Release;
		};
/* End XCConfigurationList section */
	};
	rootObject = EA62FD481989F6AC00469896 /* Project object */;
}
